
Microsoft Visual Studio Solution File, Format Version 12.00
# Visual Studio 15
VisualStudioVersion = 15.0.27130.2027
MinimumVisualStudioVersion = 10.0.40219.1
Project("{FAE04EC0-301F-11D3-BF4B-00C04F79EFBC}") = "ADOToolbox", "ADOToolbox\ADOToolbox.csproj", "{2B1408C1-BEC2-41F0-B101-953891E595C0}"
EndProject
Global
	GlobalSection(SolutionConfigurationPlatforms) = preSolution
		Debug|Any CPU = Debug|Any CPU
		Release|Any CPU = Release|Any CPU
	EndGlobalSection
	GlobalSection(ProjectConfigurationPlatforms) = postSolution
		{2B1408C1-BEC2-41F0-B101-953891E595C0}.Debug|Any CPU.ActiveCfg = Debug|Any CPU
		{2B1408C1-BEC2-41F0-B101-953891E595C0}.Debug|Any CPU.Build.0 = Debug|Any CPU
		{2B1408C1-BEC2-41F0-B101-953891E595C0}.Release|Any CPU.ActiveCfg = Release|Any CPU
		{2B1408C1-BEC2-41F0-B101-953891E595C0}.Release|Any CPU.Build.0 = Release|Any CPU
	EndGlobalSection
	GlobalSection(SolutionProperties) = preSolution
		HideSolutionNode = FALSE
	EndGlobalSection
	GlobalSection(ExtensibilityGlobals) = postSolution
		SolutionGuid = {F501D922-3C6E-41DA-AF15-7F6CAC9FEFB2}
	EndGlobalSection
EndGlobal
